
Microsoft Visual Studio Solution File, Format Version 12.00
# Visual Studio Version 16
VisualStudioVersion = 16.0.30104.148
MinimumVisualStudioVersion = 10.0.40219.1
Project("{9A19103F-16F7-4668-BE54-9A1E7A4F7556}") = "Crud", "Crud\Crud.csproj", "{0015E51D-F2E4-459B-9EEF-BA19534B1032}"
EndProject
Project("{FAE04EC0-301F-11D3-BF4B-00C04F79EFBC}") = "Listar", "Listar\Listar.csproj", "{F590A0B1-E58C-4C77-85BF-4D7F8DF06F85}"
EndProject
Global
	GlobalSection(SolutionConfigurationPlatforms) = preSolution
		Debug|Any CPU = Debug|Any CPU
		Release|Any CPU = Release|Any CPU
	EndGlobalSection
	GlobalSection(ProjectConfigurationPlatforms) = postSolution
		{0015E51D-F2E4-459B-9EEF-BA19534B1032}.Debug|Any CPU.ActiveCfg = Debug|Any CPU
		{0015E51D-F2E4-459B-9EEF-BA19534B1032}.Debug|Any CPU.Build.0 = Debug|Any CPU
		{0015E51D-F2E4-459B-9EEF-BA19534B1032}.Release|Any CPU.ActiveCfg = Release|Any CPU
		{0015E51D-F2E4-459B-9EEF-BA19534B1032}.Release|Any CPU.Build.0 = Release|Any CPU
		{F590A0B1-E58C-4C77-85BF-4D7F8DF06F85}.Debug|Any CPU.ActiveCfg = Debug|Any CPU
		{F590A0B1-E58C-4C77-85BF-4D7F8DF06F85}.Debug|Any CPU.Build.0 = Debug|Any CPU
		{F590A0B1-E58C-4C77-85BF-4D7F8DF06F85}.Release|Any CPU.ActiveCfg = Release|Any CPU
		{F590A0B1-E58C-4C77-85BF-4D7F8DF06F85}.Release|Any CPU.Build.0 = Release|Any CPU
	EndGlobalSection
	GlobalSection(SolutionProperties) = preSolution
		HideSolutionNode = FALSE
	EndGlobalSection
	GlobalSection(ExtensibilityGlobals) = postSolution
		SolutionGuid = {719AA248-463E-458D-8675-930CFF2F3B87}
	EndGlobalSection
EndGlobal
